// !$*UTF8*$!
{
	archiveVersion = 1;
	classes = {
	};
	objectVersion = 46;
	objects = {

/* Begin PBXBuildFile section */
		271419841AE2E19100FEAD0A /* SettingsVcSpec.swift in Sources */ = {isa = PBXBuildFile; fileRef = 27E1F61F1AE2DF6C00FC6475 /* SettingsVcSpec.swift */; };
		271419861AE2E68600FEAD0A /* Utils.swift in Sources */ = {isa = PBXBuildFile; fileRef = 271419851AE2E68600FEAD0A /* Utils.swift */; };
		2714198B1AE307D200FEAD0A /* SettingsSpec.swift in Sources */ = {isa = PBXBuildFile; fileRef = 271419891AE3079B00FEAD0A /* SettingsSpec.swift */; };
		2715030D1AB3D1A500C99C42 /* AppDelegate.swift in Sources */ = {isa = PBXBuildFile; fileRef = 2715030C1AB3D1A500C99C42 /* AppDelegate.swift */; };
		271503121AB3D1A500C99C42 /* Main.storyboard in Resources */ = {isa = PBXBuildFile; fileRef = 271503101AB3D1A500C99C42 /* Main.storyboard */; };
		271503141AB3D1A500C99C42 /* Images.xcassets in Resources */ = {isa = PBXBuildFile; fileRef = 271503131AB3D1A500C99C42 /* Images.xcassets */; };
		271503171AB3D1A500C99C42 /* LaunchScreen.xib in Resources */ = {isa = PBXBuildFile; fileRef = 271503151AB3D1A500C99C42 /* LaunchScreen.xib */; };
		271503231AB3D1A600C99C42 /* NewMemoryVcSpec.swift in Sources */ = {isa = PBXBuildFile; fileRef = 271503221AB3D1A600C99C42 /* NewMemoryVcSpec.swift */; };
		271B0CD21AF3B892007787D9 /* SignInVc.swift in Sources */ = {isa = PBXBuildFile; fileRef = 271B0CD11AF3B892007787D9 /* SignInVc.swift */; };
		271BFA6A1AB3E04100C151F9 /* NewMemoryVc.swift in Sources */ = {isa = PBXBuildFile; fileRef = 271BFA691AB3E04100C151F9 /* NewMemoryVc.swift */; };
		274BD766C2481AF61892DC6A /* Pods_butterflyTests.framework in Frameworks */ = {isa = PBXBuildFile; fileRef = 2A49BB8426AAB58A3B5B9ACC /* Pods_butterflyTests.framework */; settings = {ATTRIBUTES = (Weak, ); }; };
		27576B4E1AE2B4AE00D15F32 /* SettingsVc.swift in Sources */ = {isa = PBXBuildFile; fileRef = 27576B4D1AE2B4AE00D15F32 /* SettingsVc.swift */; };
		276606701AEDC2E900CFD504 /* SignInVcSpec.swift in Sources */ = {isa = PBXBuildFile; fileRef = 2766066F1AEDC2E900CFD504 /* SignInVcSpec.swift */; };
		276606721AEDC6FE00CFD504 /* UtilsSpec.swift in Sources */ = {isa = PBXBuildFile; fileRef = 276606711AEDC6FE00CFD504 /* UtilsSpec.swift */; };
		2766067A1AEF02F100CFD504 /* User.swift in Sources */ = {isa = PBXBuildFile; fileRef = 276606791AEF02F100CFD504 /* User.swift */; };
		2766067C1AEF056F00CFD504 /* Router.swift in Sources */ = {isa = PBXBuildFile; fileRef = 2766067B1AEF056F00CFD504 /* Router.swift */; };
		2766067E1AF0568000CFD504 /* RouterSpec.swift in Sources */ = {isa = PBXBuildFile; fileRef = 2766067D1AF0568000CFD504 /* RouterSpec.swift */; };
		277C74931AE3DFFD007C2808 /* Alert.swift in Sources */ = {isa = PBXBuildFile; fileRef = 277C74921AE3DFFD007C2808 /* Alert.swift */; };
		277C74951AE3E031007C2808 /* AlertSpec.swift in Sources */ = {isa = PBXBuildFile; fileRef = 277C74941AE3E031007C2808 /* AlertSpec.swift */; };
		27B86A621AF30E0F008A60B7 /* OldMemoryVc.swift in Sources */ = {isa = PBXBuildFile; fileRef = 27B86A611AF30E0F008A60B7 /* OldMemoryVc.swift */; };
		27B86A661AF3AE84008A60B7 /* Data.swift in Sources */ = {isa = PBXBuildFile; fileRef = 27B86A651AF3AE84008A60B7 /* Data.swift */; };
		27C37B661AE5DA4500BA5328 /* Memory.swift in Sources */ = {isa = PBXBuildFile; fileRef = 27C37B651AE5DA4500BA5328 /* Memory.swift */; };
		27C37B681AE5E01D00BA5328 /* MemorySpec.swift in Sources */ = {isa = PBXBuildFile; fileRef = 27C37B671AE5E01D00BA5328 /* MemorySpec.swift */; };
		27E0BF361AE72F4F001E0B35 /* Secrets.plist in Resources */ = {isa = PBXBuildFile; fileRef = 27E0BF351AE72F4F001E0B35 /* Secrets.plist */; };
		27E1F6221AE2E01900FC6475 /* Constants.swift in Sources */ = {isa = PBXBuildFile; fileRef = 27E1F6211AE2E01900FC6475 /* Constants.swift */; };
		BDD0ECCDBB089DE57736089E /* Pods.framework in Frameworks */ = {isa = PBXBuildFile; fileRef = 77D73D9C3B2BCFF559CDE2BC /* Pods.framework */; settings = {ATTRIBUTES = (Weak, ); }; };
/* End PBXBuildFile section */

/* Begin PBXContainerItemProxy section */
		2715031D1AB3D1A600C99C42 /* PBXContainerItemProxy */ = {
			isa = PBXContainerItemProxy;
			containerPortal = 271502FF1AB3D1A500C99C42 /* Project object */;
			proxyType = 1;
			remoteGlobalIDString = 271503061AB3D1A500C99C42;
			remoteInfo = butterfly;
		};
/* End PBXContainerItemProxy section */

/* Begin PBXFileReference section */
		271419851AE2E68600FEAD0A /* Utils.swift */ = {isa = PBXFileReference; fileEncoding = 4; lastKnownFileType = sourcecode.swift; path = Utils.swift; sourceTree = "<group>"; };
		271419891AE3079B00FEAD0A /* SettingsSpec.swift */ = {isa = PBXFileReference; fileEncoding = 4; lastKnownFileType = sourcecode.swift; path = SettingsSpec.swift; sourceTree = "<group>"; };
		271503071AB3D1A500C99C42 /* butterfly.app */ = {isa = PBXFileReference; explicitFileType = wrapper.application; includeInIndex = 0; path = butterfly.app; sourceTree = BUILT_PRODUCTS_DIR; };
		2715030B1AB3D1A500C99C42 /* Info.plist */ = {isa = PBXFileReference; lastKnownFileType = text.plist.xml; path = Info.plist; sourceTree = "<group>"; };
		2715030C1AB3D1A500C99C42 /* AppDelegate.swift */ = {isa = PBXFileReference; lastKnownFileType = sourcecode.swift; path = AppDelegate.swift; sourceTree = "<group>"; };
		271503111AB3D1A500C99C42 /* Base */ = {isa = PBXFileReference; lastKnownFileType = file.storyboard; name = Base; path = Base.lproj/Main.storyboard; sourceTree = "<group>"; };
		271503131AB3D1A500C99C42 /* Images.xcassets */ = {isa = PBXFileReference; lastKnownFileType = folder.assetcatalog; path = Images.xcassets; sourceTree = "<group>"; };
		271503161AB3D1A500C99C42 /* Base */ = {isa = PBXFileReference; lastKnownFileType = file.xib; name = Base; path = Base.lproj/LaunchScreen.xib; sourceTree = "<group>"; };
		2715031C1AB3D1A600C99C42 /* butterflyTests.xctest */ = {isa = PBXFileReference; explicitFileType = wrapper.cfbundle; includeInIndex = 0; path = butterflyTests.xctest; sourceTree = BUILT_PRODUCTS_DIR; };
		271503211AB3D1A600C99C42 /* Info.plist */ = {isa = PBXFileReference; lastKnownFileType = text.plist.xml; path = Info.plist; sourceTree = "<group>"; };
		271503221AB3D1A600C99C42 /* NewMemoryVcSpec.swift */ = {isa = PBXFileReference; lastKnownFileType = sourcecode.swift; path = NewMemoryVcSpec.swift; sourceTree = "<group>"; };
		271B0CD11AF3B892007787D9 /* SignInVc.swift */ = {isa = PBXFileReference; fileEncoding = 4; lastKnownFileType = sourcecode.swift; path = SignInVc.swift; sourceTree = "<group>"; };
		271BFA691AB3E04100C151F9 /* NewMemoryVc.swift */ = {isa = PBXFileReference; fileEncoding = 4; lastKnownFileType = sourcecode.swift; lineEnding = 0; path = NewMemoryVc.swift; sourceTree = "<group>"; xcLanguageSpecificationIdentifier = xcode.lang.swift; };
		27576B4D1AE2B4AE00D15F32 /* SettingsVc.swift */ = {isa = PBXFileReference; fileEncoding = 4; lastKnownFileType = sourcecode.swift; path = SettingsVc.swift; sourceTree = "<group>"; };
		2766066F1AEDC2E900CFD504 /* SignInVcSpec.swift */ = {isa = PBXFileReference; fileEncoding = 4; lastKnownFileType = sourcecode.swift; path = SignInVcSpec.swift; sourceTree = "<group>"; };
		276606711AEDC6FE00CFD504 /* UtilsSpec.swift */ = {isa = PBXFileReference; fileEncoding = 4; lastKnownFileType = sourcecode.swift; path = UtilsSpec.swift; sourceTree = "<group>"; };
		276606791AEF02F100CFD504 /* User.swift */ = {isa = PBXFileReference; fileEncoding = 4; lastKnownFileType = sourcecode.swift; path = User.swift; sourceTree = "<group>"; };
		2766067B1AEF056F00CFD504 /* Router.swift */ = {isa = PBXFileReference; fileEncoding = 4; lastKnownFileType = sourcecode.swift; path = Router.swift; sourceTree = "<group>"; };
		2766067D1AF0568000CFD504 /* RouterSpec.swift */ = {isa = PBXFileReference; fileEncoding = 4; lastKnownFileType = sourcecode.swift; path = RouterSpec.swift; sourceTree = "<group>"; };
		277C74921AE3DFFD007C2808 /* Alert.swift */ = {isa = PBXFileReference; fileEncoding = 4; lastKnownFileType = sourcecode.swift; path = Alert.swift; sourceTree = "<group>"; };
		277C74941AE3E031007C2808 /* AlertSpec.swift */ = {isa = PBXFileReference; fileEncoding = 4; lastKnownFileType = sourcecode.swift; path = AlertSpec.swift; sourceTree = "<group>"; };
		27B86A611AF30E0F008A60B7 /* OldMemoryVc.swift */ = {isa = PBXFileReference; fileEncoding = 4; lastKnownFileType = sourcecode.swift; path = OldMemoryVc.swift; sourceTree = "<group>"; };
		27B86A651AF3AE84008A60B7 /* Data.swift */ = {isa = PBXFileReference; fileEncoding = 4; lastKnownFileType = sourcecode.swift; path = Data.swift; sourceTree = "<group>"; };
		27C37B631AE5D6F200BA5328 /* butterfly-Bridging-Header.h */ = {isa = PBXFileReference; lastKnownFileType = sourcecode.c.h; path = "butterfly-Bridging-Header.h"; sourceTree = "<group>"; };
		27C37B651AE5DA4500BA5328 /* Memory.swift */ = {isa = PBXFileReference; fileEncoding = 4; lastKnownFileType = sourcecode.swift; path = Memory.swift; sourceTree = "<group>"; };
		27C37B671AE5E01D00BA5328 /* MemorySpec.swift */ = {isa = PBXFileReference; fileEncoding = 4; lastKnownFileType = sourcecode.swift; path = MemorySpec.swift; sourceTree = "<group>"; };
		27E0BF351AE72F4F001E0B35 /* Secrets.plist */ = {isa = PBXFileReference; fileEncoding = 4; lastKnownFileType = text.plist.xml; path = Secrets.plist; sourceTree = SOURCE_ROOT; };
		27E1F61F1AE2DF6C00FC6475 /* SettingsVcSpec.swift */ = {isa = PBXFileReference; fileEncoding = 4; lastKnownFileType = sourcecode.swift; path = SettingsVcSpec.swift; sourceTree = "<group>"; };
		27E1F6211AE2E01900FC6475 /* Constants.swift */ = {isa = PBXFileReference; fileEncoding = 4; lastKnownFileType = sourcecode.swift; path = Constants.swift; sourceTree = "<group>"; };
		2A49BB8426AAB58A3B5B9ACC /* Pods_butterflyTests.framework */ = {isa = PBXFileReference; explicitFileType = wrapper.framework; includeInIndex = 0; path = Pods_butterflyTests.framework; sourceTree = BUILT_PRODUCTS_DIR; };
		2DA9F080EAD27EC685A1D6B0 /* Pods-butterflyTests.debug.xcconfig */ = {isa = PBXFileReference; includeInIndex = 1; lastKnownFileType = text.xcconfig; name = "Pods-butterflyTests.debug.xcconfig"; path = "Pods/Target Support Files/Pods-butterflyTests/Pods-butterflyTests.debug.xcconfig"; sourceTree = "<group>"; };
		77D73D9C3B2BCFF559CDE2BC /* Pods.framework */ = {isa = PBXFileReference; explicitFileType = wrapper.framework; includeInIndex = 0; path = Pods.framework; sourceTree = BUILT_PRODUCTS_DIR; };
		AB9A00FB8A6A9FDD0D05020F /* Pods.debug.xcconfig */ = {isa = PBXFileReference; includeInIndex = 1; lastKnownFileType = text.xcconfig; name = Pods.debug.xcconfig; path = "Pods/Target Support Files/Pods/Pods.debug.xcconfig"; sourceTree = "<group>"; };
		BE8B6F91B34D158A8E99750E /* Pods.release.xcconfig */ = {isa = PBXFileReference; includeInIndex = 1; lastKnownFileType = text.xcconfig; name = Pods.release.xcconfig; path = "Pods/Target Support Files/Pods/Pods.release.xcconfig"; sourceTree = "<group>"; };
		D0D5154429E1225B5E083AAC /* Pods-butterflyTests.release.xcconfig */ = {isa = PBXFileReference; includeInIndex = 1; lastKnownFileType = text.xcconfig; name = "Pods-butterflyTests.release.xcconfig"; path = "Pods/Target Support Files/Pods-butterflyTests/Pods-butterflyTests.release.xcconfig"; sourceTree = "<group>"; };
		DBBAA0E54ECD690C61F4FD97 /* Pods-butterflyTests.test.xcconfig */ = {isa = PBXFileReference; includeInIndex = 1; lastKnownFileType = text.xcconfig; name = "Pods-butterflyTests.test.xcconfig"; path = "Pods/Target Support Files/Pods-butterflyTests/Pods-butterflyTests.test.xcconfig"; sourceTree = "<group>"; };
		F48379292F856E3C8AF07C1D /* Pods.test.xcconfig */ = {isa = PBXFileReference; includeInIndex = 1; lastKnownFileType = text.xcconfig; name = Pods.test.xcconfig; path = "Pods/Target Support Files/Pods/Pods.test.xcconfig"; sourceTree = "<group>"; };
/* End PBXFileReference section */

/* Begin PBXFrameworksBuildPhase section */
		271503041AB3D1A500C99C42 /* Frameworks */ = {
			isa = PBXFrameworksBuildPhase;
			buildActionMask = 2147483647;
			files = (
				BDD0ECCDBB089DE57736089E /* Pods.framework in Frameworks */,
			);
			runOnlyForDeploymentPostprocessing = 0;
		};
		271503191AB3D1A600C99C42 /* Frameworks */ = {
			isa = PBXFrameworksBuildPhase;
			buildActionMask = 2147483647;
			files = (
				274BD766C2481AF61892DC6A /* Pods_butterflyTests.framework in Frameworks */,
			);
			runOnlyForDeploymentPostprocessing = 0;
		};
/* End PBXFrameworksBuildPhase section */

/* Begin PBXGroup section */
		271502FE1AB3D1A500C99C42 = {
			isa = PBXGroup;
			children = (
				271503091AB3D1A500C99C42 /* App */,
				746089FB8D44BA88304A868D /* Frameworks */,
				71784C3FD282F31555E790ED /* Pods */,
				271503081AB3D1A500C99C42 /* Products */,
				2715031F1AB3D1A600C99C42 /* Tests */,
				271503201AB3D1A600C99C42 /* Supporting Files */,
			);
			sourceTree = "<group>";
		};
		271503081AB3D1A500C99C42 /* Products */ = {
			isa = PBXGroup;
			children = (
				271503071AB3D1A500C99C42 /* butterfly.app */,
				2715031C1AB3D1A600C99C42 /* butterflyTests.xctest */,
			);
			name = Products;
			sourceTree = "<group>";
		};
		271503091AB3D1A500C99C42 /* App */ = {
			isa = PBXGroup;
			children = (
				27C37B641AE5DA3500BA5328 /* Models */,
				2715030C1AB3D1A500C99C42 /* AppDelegate.swift */,
				277C74911AE3DF9C007C2808 /* Helpers */,
				277C74901AE3DF69007C2808 /* Resources */,
				27C6DEB61AE3323200C16E64 /* Services */,
				2715030A1AB3D1A500C99C42 /* Supporting Files */,
				27C6DEB51AE3320E00C16E64 /* Views */,
			);
			name = App;
			path = butterfly;
			sourceTree = "<group>";
		};
		2715030A1AB3D1A500C99C42 /* Supporting Files */ = {
			isa = PBXGroup;
			children = (
				27E0BF351AE72F4F001E0B35 /* Secrets.plist */,
				2715030B1AB3D1A500C99C42 /* Info.plist */,
				27C37B631AE5D6F200BA5328 /* butterfly-Bridging-Header.h */,
			);
			name = "Supporting Files";
			sourceTree = "<group>";
		};
		2715031F1AB3D1A600C99C42 /* Tests */ = {
			isa = PBXGroup;
			children = (
				271503221AB3D1A600C99C42 /* NewMemoryVcSpec.swift */,
				27E1F61F1AE2DF6C00FC6475 /* SettingsVcSpec.swift */,
				271419891AE3079B00FEAD0A /* SettingsSpec.swift */,
				277C74941AE3E031007C2808 /* AlertSpec.swift */,
				27C37B671AE5E01D00BA5328 /* MemorySpec.swift */,
				2766066F1AEDC2E900CFD504 /* SignInVcSpec.swift */,
				276606711AEDC6FE00CFD504 /* UtilsSpec.swift */,
				2766067D1AF0568000CFD504 /* RouterSpec.swift */,
			);
			name = Tests;
			path = butterflyTests;
			sourceTree = "<group>";
		};
		271503201AB3D1A600C99C42 /* Supporting Files */ = {
			isa = PBXGroup;
			children = (
				271503211AB3D1A600C99C42 /* Info.plist */,
			);
			name = "Supporting Files";
			path = butterflyTests;
			sourceTree = "<group>";
		};
		277C74901AE3DF69007C2808 /* Resources */ = {
			isa = PBXGroup;
			children = (
				271503131AB3D1A500C99C42 /* Images.xcassets */,
				271503151AB3D1A500C99C42 /* LaunchScreen.xib */,
			);
			name = Resources;
			sourceTree = "<group>";
		};
		277C74911AE3DF9C007C2808 /* Helpers */ = {
			isa = PBXGroup;
			children = (
				27E1F6211AE2E01900FC6475 /* Constants.swift */,
				271419851AE2E68600FEAD0A /* Utils.swift */,
			);
			name = Helpers;
			sourceTree = "<group>";
		};
		27C37B641AE5DA3500BA5328 /* Models */ = {
			isa = PBXGroup;
			children = (
				276606791AEF02F100CFD504 /* User.swift */,
				27C37B651AE5DA4500BA5328 /* Memory.swift */,
			);
			name = Models;
			sourceTree = "<group>";
		};
		27C6DEB51AE3320E00C16E64 /* Views */ = {
			isa = PBXGroup;
			children = (
				271B0CD11AF3B892007787D9 /* SignInVc.swift */,
				271503101AB3D1A500C99C42 /* Main.storyboard */,
				271BFA691AB3E04100C151F9 /* NewMemoryVc.swift */,
				27576B4D1AE2B4AE00D15F32 /* SettingsVc.swift */,
				27B86A611AF30E0F008A60B7 /* OldMemoryVc.swift */,
			);
			name = Views;
			sourceTree = "<group>";
		};
		27C6DEB61AE3323200C16E64 /* Services */ = {
			isa = PBXGroup;
			children = (
				277C74921AE3DFFD007C2808 /* Alert.swift */,
				2766067B1AEF056F00CFD504 /* Router.swift */,
				27B86A651AF3AE84008A60B7 /* Data.swift */,
			);
			name = Services;
			sourceTree = "<group>";
		};
		71784C3FD282F31555E790ED /* Pods */ = {
			isa = PBXGroup;
			children = (
				2DA9F080EAD27EC685A1D6B0 /* Pods-butterflyTests.debug.xcconfig */,
				D0D5154429E1225B5E083AAC /* Pods-butterflyTests.release.xcconfig */,
				AB9A00FB8A6A9FDD0D05020F /* Pods.debug.xcconfig */,
				F48379292F856E3C8AF07C1D /* Pods.test.xcconfig */,
				BE8B6F91B34D158A8E99750E /* Pods.release.xcconfig */,
				DBBAA0E54ECD690C61F4FD97 /* Pods-butterflyTests.test.xcconfig */,
			);
			name = Pods;
			sourceTree = "<group>";
		};
		746089FB8D44BA88304A868D /* Frameworks */ = {
			isa = PBXGroup;
			children = (
				2A49BB8426AAB58A3B5B9ACC /* Pods_butterflyTests.framework */,
				77D73D9C3B2BCFF559CDE2BC /* Pods.framework */,
			);
			name = Frameworks;
			sourceTree = "<group>";
		};
/* End PBXGroup section */

/* Begin PBXNativeTarget section */
		271503061AB3D1A500C99C42 /* butterfly */ = {
			isa = PBXNativeTarget;
			buildConfigurationList = 271503261AB3D1A600C99C42 /* Build configuration list for PBXNativeTarget "butterfly" */;
			buildPhases = (
				C56E40ED7C5A5533F9C675A7 /* Check Pods Manifest.lock */,
				271503031AB3D1A500C99C42 /* Sources */,
				271503041AB3D1A500C99C42 /* Frameworks */,
				271503051AB3D1A500C99C42 /* Resources */,
				56FE4A3F964DCDF97BA5CEE2 /* Copy Pods Resources */,
				F6FE7798D8B346AC20449E61 /* Embed Pods Frameworks */,
			);
			buildRules = (
			);
			dependencies = (
			);
			name = butterfly;
			productName = butterfly;
			productReference = 271503071AB3D1A500C99C42 /* butterfly.app */;
			productType = "com.apple.product-type.application";
		};
		2715031B1AB3D1A600C99C42 /* butterflyTests */ = {
			isa = PBXNativeTarget;
			buildConfigurationList = 271503291AB3D1A600C99C42 /* Build configuration list for PBXNativeTarget "butterflyTests" */;
			buildPhases = (
				40796980CB50F01C6DB0104F /* Check Pods Manifest.lock */,
				271503181AB3D1A600C99C42 /* Sources */,
				271503191AB3D1A600C99C42 /* Frameworks */,
				2715031A1AB3D1A600C99C42 /* Resources */,
				1130E2499470D14735F75580 /* Embed Pods Frameworks */,
				3E0D339A5CE2CCD8B6A3A6F1 /* Copy Pods Resources */,
			);
			buildRules = (
			);
			dependencies = (
				2715031E1AB3D1A600C99C42 /* PBXTargetDependency */,
			);
			name = butterflyTests;
			productName = butterflyTests;
			productReference = 2715031C1AB3D1A600C99C42 /* butterflyTests.xctest */;
			productType = "com.apple.product-type.bundle.unit-test";
		};
/* End PBXNativeTarget section */

/* Begin PBXProject section */
		271502FF1AB3D1A500C99C42 /* Project object */ = {
			isa = PBXProject;
			attributes = {
				LastUpgradeCheck = 0630;
				ORGANIZATIONNAME = "Sundeep Gupta";
				TargetAttributes = {
					271503061AB3D1A500C99C42 = {
						CreatedOnToolsVersion = 6.3;
					};
					2715031B1AB3D1A600C99C42 = {
						CreatedOnToolsVersion = 6.3;
						TestTargetID = 271503061AB3D1A500C99C42;
					};
				};
			};
			buildConfigurationList = 271503021AB3D1A500C99C42 /* Build configuration list for PBXProject "butterfly" */;
			compatibilityVersion = "Xcode 3.2";
			developmentRegion = English;
			hasScannedForEncodings = 0;
			knownRegions = (
				en,
				Base,
			);
			mainGroup = 271502FE1AB3D1A500C99C42;
			productRefGroup = 271503081AB3D1A500C99C42 /* Products */;
			projectDirPath = "";
			projectRoot = "";
			targets = (
				271503061AB3D1A500C99C42 /* butterfly */,
				2715031B1AB3D1A600C99C42 /* butterflyTests */,
			);
		};
/* End PBXProject section */

/* Begin PBXResourcesBuildPhase section */
		271503051AB3D1A500C99C42 /* Resources */ = {
			isa = PBXResourcesBuildPhase;
			buildActionMask = 2147483647;
			files = (
				27E0BF361AE72F4F001E0B35 /* Secrets.plist in Resources */,
				271503121AB3D1A500C99C42 /* Main.storyboard in Resources */,
				271503171AB3D1A500C99C42 /* LaunchScreen.xib in Resources */,
				271503141AB3D1A500C99C42 /* Images.xcassets in Resources */,
			);
			runOnlyForDeploymentPostprocessing = 0;
		};
		2715031A1AB3D1A600C99C42 /* Resources */ = {
			isa = PBXResourcesBuildPhase;
			buildActionMask = 2147483647;
			files = (
			);
			runOnlyForDeploymentPostprocessing = 0;
		};
/* End PBXResourcesBuildPhase section */

/* Begin PBXShellScriptBuildPhase section */
		1130E2499470D14735F75580 /* Embed Pods Frameworks */ = {
			isa = PBXShellScriptBuildPhase;
			buildActionMask = 2147483647;
			files = (
			);
			inputPaths = (
			);
			name = "Embed Pods Frameworks";
			outputPaths = (
			);
			runOnlyForDeploymentPostprocessing = 0;
			shellPath = /bin/sh;
			shellScript = "\"${SRCROOT}/Pods/Target Support Files/Pods-butterflyTests/Pods-butterflyTests-frameworks.sh\"\n";
			showEnvVarsInLog = 0;
		};
		3E0D339A5CE2CCD8B6A3A6F1 /* Copy Pods Resources */ = {
			isa = PBXShellScriptBuildPhase;
			buildActionMask = 2147483647;
			files = (
			);
			inputPaths = (
			);
			name = "Copy Pods Resources";
			outputPaths = (
			);
			runOnlyForDeploymentPostprocessing = 0;
			shellPath = /bin/sh;
			shellScript = "\"${SRCROOT}/Pods/Target Support Files/Pods-butterflyTests/Pods-butterflyTests-resources.sh\"\n";
			showEnvVarsInLog = 0;
		};
		40796980CB50F01C6DB0104F /* Check Pods Manifest.lock */ = {
			isa = PBXShellScriptBuildPhase;
			buildActionMask = 2147483647;
			files = (
			);
			inputPaths = (
			);
			name = "Check Pods Manifest.lock";
			outputPaths = (
			);
			runOnlyForDeploymentPostprocessing = 0;
			shellPath = /bin/sh;
			shellScript = "diff \"${PODS_ROOT}/../Podfile.lock\" \"${PODS_ROOT}/Manifest.lock\" > /dev/null\nif [[ $? != 0 ]] ; then\n    cat << EOM\nerror: The sandbox is not in sync with the Podfile.lock. Run 'pod install' or update your CocoaPods installation.\nEOM\n    exit 1\nfi\n";
			showEnvVarsInLog = 0;
		};
		56FE4A3F964DCDF97BA5CEE2 /* Copy Pods Resources */ = {
			isa = PBXShellScriptBuildPhase;
			buildActionMask = 2147483647;
			files = (
			);
			inputPaths = (
			);
			name = "Copy Pods Resources";
			outputPaths = (
			);
			runOnlyForDeploymentPostprocessing = 0;
			shellPath = /bin/sh;
			shellScript = "\"${SRCROOT}/Pods/Target Support Files/Pods/Pods-resources.sh\"\n";
			showEnvVarsInLog = 0;
		};
		C56E40ED7C5A5533F9C675A7 /* Check Pods Manifest.lock */ = {
			isa = PBXShellScriptBuildPhase;
			buildActionMask = 2147483647;
			files = (
			);
			inputPaths = (
			);
			name = "Check Pods Manifest.lock";
			outputPaths = (
			);
			runOnlyForDeploymentPostprocessing = 0;
			shellPath = /bin/sh;
			shellScript = "diff \"${PODS_ROOT}/../Podfile.lock\" \"${PODS_ROOT}/Manifest.lock\" > /dev/null\nif [[ $? != 0 ]] ; then\n    cat << EOM\nerror: The sandbox is not in sync with the Podfile.lock. Run 'pod install' or update your CocoaPods installation.\nEOM\n    exit 1\nfi\n";
			showEnvVarsInLog = 0;
		};
		F6FE7798D8B346AC20449E61 /* Embed Pods Frameworks */ = {
			isa = PBXShellScriptBuildPhase;
			buildActionMask = 2147483647;
			files = (
			);
			inputPaths = (
			);
			name = "Embed Pods Frameworks";
			outputPaths = (
			);
			runOnlyForDeploymentPostprocessing = 0;
			shellPath = /bin/sh;
			shellScript = "\"${SRCROOT}/Pods/Target Support Files/Pods/Pods-frameworks.sh\"\n";
			showEnvVarsInLog = 0;
		};
/* End PBXShellScriptBuildPhase section */

/* Begin PBXSourcesBuildPhase section */
		271503031AB3D1A500C99C42 /* Sources */ = {
			isa = PBXSourcesBuildPhase;
			buildActionMask = 2147483647;
			files = (
				27E1F6221AE2E01900FC6475 /* Constants.swift in Sources */,
				2715030D1AB3D1A500C99C42 /* AppDelegate.swift in Sources */,
				27576B4E1AE2B4AE00D15F32 /* SettingsVc.swift in Sources */,
				2766067A1AEF02F100CFD504 /* User.swift in Sources */,
				2766067C1AEF056F00CFD504 /* Router.swift in Sources */,
				271BFA6A1AB3E04100C151F9 /* NewMemoryVc.swift in Sources */,
				27B86A661AF3AE84008A60B7 /* Data.swift in Sources */,
				277C74931AE3DFFD007C2808 /* Alert.swift in Sources */,
				27B86A621AF30E0F008A60B7 /* OldMemoryVc.swift in Sources */,
				27C37B661AE5DA4500BA5328 /* Memory.swift in Sources */,
				271B0CD21AF3B892007787D9 /* SignInVc.swift in Sources */,
				271419861AE2E68600FEAD0A /* Utils.swift in Sources */,
			);
			runOnlyForDeploymentPostprocessing = 0;
		};
		271503181AB3D1A600C99C42 /* Sources */ = {
			isa = PBXSourcesBuildPhase;
			buildActionMask = 2147483647;
			files = (
				271419841AE2E19100FEAD0A /* SettingsVcSpec.swift in Sources */,
				276606721AEDC6FE00CFD504 /* UtilsSpec.swift in Sources */,
				277C74951AE3E031007C2808 /* AlertSpec.swift in Sources */,
				271503231AB3D1A600C99C42 /* NewMemoryVcSpec.swift in Sources */,
				276606701AEDC2E900CFD504 /* SignInVcSpec.swift in Sources */,
				2714198B1AE307D200FEAD0A /* SettingsSpec.swift in Sources */,
				27C37B681AE5E01D00BA5328 /* MemorySpec.swift in Sources */,
				2766067E1AF0568000CFD504 /* RouterSpec.swift in Sources */,
			);
			runOnlyForDeploymentPostprocessing = 0;
		};
/* End PBXSourcesBuildPhase section */

/* Begin PBXTargetDependency section */
		2715031E1AB3D1A600C99C42 /* PBXTargetDependency */ = {
			isa = PBXTargetDependency;
			target = 271503061AB3D1A500C99C42 /* butterfly */;
			targetProxy = 2715031D1AB3D1A600C99C42 /* PBXContainerItemProxy */;
		};
/* End PBXTargetDependency section */

/* Begin PBXVariantGroup section */
		271503101AB3D1A500C99C42 /* Main.storyboard */ = {
			isa = PBXVariantGroup;
			children = (
				271503111AB3D1A500C99C42 /* Base */,
			);
			name = Main.storyboard;
			sourceTree = "<group>";
		};
		271503151AB3D1A500C99C42 /* LaunchScreen.xib */ = {
			isa = PBXVariantGroup;
			children = (
				271503161AB3D1A500C99C42 /* Base */,
			);
			name = LaunchScreen.xib;
			sourceTree = "<group>";
		};
/* End PBXVariantGroup section */

/* Begin XCBuildConfiguration section */
		2714198C1AE324D100FEAD0A /* Test */ = {
			isa = XCBuildConfiguration;
			buildSettings = {
				ALWAYS_SEARCH_USER_PATHS = NO;
				CLANG_CXX_LANGUAGE_STANDARD = "gnu++0x";
				CLANG_CXX_LIBRARY = "libc++";
				CLANG_ENABLE_MODULES = YES;
				CLANG_ENABLE_OBJC_ARC = YES;
				CLANG_WARN_BOOL_CONVERSION = YES;
				CLANG_WARN_CONSTANT_CONVERSION = YES;
				CLANG_WARN_DIRECT_OBJC_ISA_USAGE = YES_ERROR;
				CLANG_WARN_EMPTY_BODY = YES;
				CLANG_WARN_ENUM_CONVERSION = YES;
				CLANG_WARN_INT_CONVERSION = YES;
				CLANG_WARN_OBJC_ROOT_CLASS = YES_ERROR;
				CLANG_WARN_UNREACHABLE_CODE = YES;
				CLANG_WARN__DUPLICATE_METHOD_MATCH = YES;
				"CODE_SIGN_IDENTITY[sdk=iphoneos*]" = "iPhone Developer";
				COPY_PHASE_STRIP = NO;
				DEBUG_INFORMATION_FORMAT = dwarf;
				ENABLE_STRICT_OBJC_MSGSEND = YES;
				GCC_C_LANGUAGE_STANDARD = gnu99;
				GCC_DYNAMIC_NO_PIC = NO;
				GCC_NO_COMMON_BLOCKS = YES;
				GCC_OPTIMIZATION_LEVEL = 0;
				GCC_PREPROCESSOR_DEFINITIONS = (
					"DEBUG=1",
					"$(inherited)",
				);
				GCC_SYMBOLS_PRIVATE_EXTERN = NO;
				GCC_WARN_64_TO_32_BIT_CONVERSION = YES;
				GCC_WARN_ABOUT_RETURN_TYPE = YES_ERROR;
				GCC_WARN_UNDECLARED_SELECTOR = YES;
				GCC_WARN_UNINITIALIZED_AUTOS = YES_AGGRESSIVE;
				GCC_WARN_UNUSED_FUNCTION = YES;
				GCC_WARN_UNUSED_VARIABLE = YES;
				IPHONEOS_DEPLOYMENT_TARGET = 8.3;
				MTL_ENABLE_DEBUG_INFO = YES;
				ONLY_ACTIVE_ARCH = YES;
				SDKROOT = iphoneos;
				SWIFT_OBJC_BRIDGING_HEADER = "butterfly/butterfly-Bridging-Header.h";
				SWIFT_OPTIMIZATION_LEVEL = "-Onone";
			};
			name = Test;
		};
		2714198D1AE324D100FEAD0A /* Test */ = {
			isa = XCBuildConfiguration;
			baseConfigurationReference = F48379292F856E3C8AF07C1D /* Pods.test.xcconfig */;
			buildSettings = {
				ASSETCATALOG_COMPILER_APPICON_NAME = AppIcon;
				DEFINES_MODULE = YES;
				INFOPLIST_FILE = butterfly/Info.plist;
				LD_RUNPATH_SEARCH_PATHS = "$(inherited) @executable_path/Frameworks";
				OTHER_SWIFT_FLAGS = "";
				PRODUCT_NAME = "$(TARGET_NAME)";
			};
			name = Test;
		};
		2714198E1AE324D100FEAD0A /* Test */ = {
			isa = XCBuildConfiguration;
			baseConfigurationReference = DBBAA0E54ECD690C61F4FD97 /* Pods-butterflyTests.test.xcconfig */;
			buildSettings = {
				BUNDLE_LOADER = "$(TEST_HOST)";
				FRAMEWORK_SEARCH_PATHS = (
					"$(SDKROOT)/Developer/Library/Frameworks",
					"$(inherited)",
				);
				GCC_PREPROCESSOR_DEFINITIONS = (
					"DEBUG=1",
					"$(inherited)",
				);
				INFOPLIST_FILE = butterflyTests/Info.plist;
				LD_RUNPATH_SEARCH_PATHS = "$(inherited) @executable_path/Frameworks @loader_path/Frameworks";
				PRODUCT_NAME = "$(TARGET_NAME)";
				TEST_HOST = "$(BUILT_PRODUCTS_DIR)/butterfly.app/butterfly";
			};
			name = Test;
		};
		271503241AB3D1A600C99C42 /* Debug */ = {
			isa = XCBuildConfiguration;
			buildSettings = {
				ALWAYS_SEARCH_USER_PATHS = NO;
				CLANG_CXX_LANGUAGE_STANDARD = "gnu++0x";
				CLANG_CXX_LIBRARY = "libc++";
				CLANG_ENABLE_MODULES = YES;
				CLANG_ENABLE_OBJC_ARC = YES;
				CLANG_WARN_BOOL_CONVERSION = YES;
				CLANG_WARN_CONSTANT_CONVERSION = YES;
				CLANG_WARN_DIRECT_OBJC_ISA_USAGE = YES_ERROR;
				CLANG_WARN_EMPTY_BODY = YES;
				CLANG_WARN_ENUM_CONVERSION = YES;
				CLANG_WARN_INT_CONVERSION = YES;
				CLANG_WARN_OBJC_ROOT_CLASS = YES_ERROR;
				CLANG_WARN_UNREACHABLE_CODE = YES;
				CLANG_WARN__DUPLICATE_METHOD_MATCH = YES;
				"CODE_SIGN_IDENTITY[sdk=iphoneos*]" = "iPhone Developer";
				COPY_PHASE_STRIP = NO;
				DEBUG_INFORMATION_FORMAT = dwarf;
				ENABLE_STRICT_OBJC_MSGSEND = YES;
				GCC_C_LANGUAGE_STANDARD = gnu99;
				GCC_DYNAMIC_NO_PIC = NO;
				GCC_NO_COMMON_BLOCKS = YES;
				GCC_OPTIMIZATION_LEVEL = 0;
				GCC_PREPROCESSOR_DEFINITIONS = (
					"DEBUG=1",
					"$(inherited)",
				);
				GCC_SYMBOLS_PRIVATE_EXTERN = NO;
				GCC_WARN_64_TO_32_BIT_CONVERSION = YES;
				GCC_WARN_ABOUT_RETURN_TYPE = YES_ERROR;
				GCC_WARN_UNDECLARED_SELECTOR = YES;
				GCC_WARN_UNINITIALIZED_AUTOS = YES_AGGRESSIVE;
				GCC_WARN_UNUSED_FUNCTION = YES;
				GCC_WARN_UNUSED_VARIABLE = YES;
				IPHONEOS_DEPLOYMENT_TARGET = 8.3;
				MTL_ENABLE_DEBUG_INFO = YES;
				ONLY_ACTIVE_ARCH = YES;
				SDKROOT = iphoneos;
				SWIFT_OBJC_BRIDGING_HEADER = "butterfly/butterfly-Bridging-Header.h";
				SWIFT_OPTIMIZATION_LEVEL = "-Onone";
			};
			name = Debug;
		};
		271503251AB3D1A600C99C42 /* Release */ = {
			isa = XCBuildConfiguration;
			buildSettings = {
				ALWAYS_SEARCH_USER_PATHS = NO;
				CLANG_CXX_LANGUAGE_STANDARD = "gnu++0x";
				CLANG_CXX_LIBRARY = "libc++";
				CLANG_ENABLE_MODULES = YES;
				CLANG_ENABLE_OBJC_ARC = YES;
				CLANG_WARN_BOOL_CONVERSION = YES;
				CLANG_WARN_CONSTANT_CONVERSION = YES;
				CLANG_WARN_DIRECT_OBJC_ISA_USAGE = YES_ERROR;
				CLANG_WARN_EMPTY_BODY = YES;
				CLANG_WARN_ENUM_CONVERSION = YES;
				CLANG_WARN_INT_CONVERSION = YES;
				CLANG_WARN_OBJC_ROOT_CLASS = YES_ERROR;
				CLANG_WARN_UNREACHABLE_CODE = YES;
				CLANG_WARN__DUPLICATE_METHOD_MATCH = YES;
				"CODE_SIGN_IDENTITY[sdk=iphoneos*]" = "iPhone Developer";
				COPY_PHASE_STRIP = NO;
				DEBUG_INFORMATION_FORMAT = "dwarf-with-dsym";
				ENABLE_NS_ASSERTIONS = NO;
				ENABLE_STRICT_OBJC_MSGSEND = YES;
				GCC_C_LANGUAGE_STANDARD = gnu99;
				GCC_NO_COMMON_BLOCKS = YES;
				GCC_WARN_64_TO_32_BIT_CONVERSION = YES;
				GCC_WARN_ABOUT_RETURN_TYPE = YES_ERROR;
				GCC_WARN_UNDECLARED_SELECTOR = YES;
				GCC_WARN_UNINITIALIZED_AUTOS = YES_AGGRESSIVE;
				GCC_WARN_UNUSED_FUNCTION = YES;
				GCC_WARN_UNUSED_VARIABLE = YES;
				IPHONEOS_DEPLOYMENT_TARGET = 8.3;
				MTL_ENABLE_DEBUG_INFO = NO;
				SDKROOT = iphoneos;
				SWIFT_OBJC_BRIDGING_HEADER = "butterfly/butterfly-Bridging-Header.h";
				VALIDATE_PRODUCT = YES;
			};
			name = Release;
		};
		271503271AB3D1A600C99C42 /* Debug */ = {
			isa = XCBuildConfiguration;
			baseConfigurationReference = AB9A00FB8A6A9FDD0D05020F /* Pods.debug.xcconfig */;
			buildSettings = {
				ASSETCATALOG_COMPILER_APPICON_NAME = AppIcon;
				DEFINES_MODULE = YES;
				INFOPLIST_FILE = butterfly/Info.plist;
				LD_RUNPATH_SEARCH_PATHS = "$(inherited) @executable_path/Frameworks";
				OTHER_SWIFT_FLAGS = "-D DEBUG";
				PRODUCT_NAME = "$(TARGET_NAME)";
			};
			name = Debug;
		};
		271503281AB3D1A600C99C42 /* Release */ = {
			isa = XCBuildConfiguration;
			baseConfigurationReference = BE8B6F91B34D158A8E99750E /* Pods.release.xcconfig */;
			buildSettings = {
				ASSETCATALOG_COMPILER_APPICON_NAME = AppIcon;
				DEFINES_MODULE = YES;
				INFOPLIST_FILE = butterfly/Info.plist;
				LD_RUNPATH_SEARCH_PATHS = "$(inherited) @executable_path/Frameworks";
				PRODUCT_NAME = "$(TARGET_NAME)";
			};
			name = Release;
		};
		2715032A1AB3D1A600C99C42 /* Debug */ = {
			isa = XCBuildConfiguration;
			baseConfigurationReference = 2DA9F080EAD27EC685A1D6B0 /* Pods-butterflyTests.debug.xcconfig */;
			buildSettings = {
				BUNDLE_LOADER = "$(TEST_HOST)";
				FRAMEWORK_SEARCH_PATHS = (
					"$(SDKROOT)/Developer/Library/Frameworks",
					"$(inherited)",
				);
				GCC_PREPROCESSOR_DEFINITIONS = (
					"DEBUG=1",
					"$(inherited)",
				);
				INFOPLIST_FILE = butterflyTests/Info.plist;
				LD_RUNPATH_SEARCH_PATHS = "$(inherited) @executable_path/Frameworks @loader_path/Frameworks";
				PRODUCT_NAME = "$(TARGET_NAME)";
				TEST_HOST = "$(BUILT_PRODUCTS_DIR)/butterfly.app/butterfly";
			};
			name = Debug;
		};
		2715032B1AB3D1A600C99C42 /* Release */ = {
			isa = XCBuildConfiguration;
			baseConfigurationReference = D0D5154429E1225B5E083AAC /* Pods-butterflyTests.release.xcconfig */;
			buildSettings = {
				BUNDLE_LOADER = "$(TEST_HOST)";
				FRAMEWORK_SEARCH_PATHS = (
					"$(SDKROOT)/Developer/Library/Frameworks",
					"$(inherited)",
				);
				INFOPLIST_FILE = butterflyTests/Info.plist;
				LD_RUNPATH_SEARCH_PATHS = "$(inherited) @executable_path/Frameworks @loader_path/Frameworks";
				PRODUCT_NAME = "$(TARGET_NAME)";
				TEST_HOST = "$(BUILT_PRODUCTS_DIR)/butterfly.app/butterfly";
			};
			name = Release;
		};
/* End XCBuildConfiguration section */

/* Begin XCConfigurationList section */
		271503021AB3D1A500C99C42 /* Build configuration list for PBXProject "butterfly" */ = {
			isa = XCConfigurationList;
			buildConfigurations = (
				271503241AB3D1A600C99C42 /* Debug */,
				2714198C1AE324D100FEAD0A /* Test */,
				271503251AB3D1A600C99C42 /* Release */,
			);
			defaultConfigurationIsVisible = 0;
			defaultConfigurationName = Release;
		};
		271503261AB3D1A600C99C42 /* Build configuration list for PBXNativeTarget "butterfly" */ = {
			isa = XCConfigurationList;
			buildConfigurations = (
				271503271AB3D1A600C99C42 /* Debug */,
				2714198D1AE324D100FEAD0A /* Test */,
				271503281AB3D1A600C99C42 /* Release */,
			);
			defaultConfigurationIsVisible = 0;
			defaultConfigurationName = Release;
		};
		271503291AB3D1A600C99C42 /* Build configuration list for PBXNativeTarget "butterflyTests" */ = {
			isa = XCConfigurationList;
			buildConfigurations = (
				2715032A1AB3D1A600C99C42 /* Debug */,
				2714198E1AE324D100FEAD0A /* Test */,
				2715032B1AB3D1A600C99C42 /* Release */,
			);
			defaultConfigurationIsVisible = 0;
			defaultConfigurationName = Release;
		};
/* End XCConfigurationList section */
	};
	rootObject = 271502FF1AB3D1A500C99C42 /* Project object */;
}
